
Microsoft Visual Studio Solution File, Format Version 12.00
# Visual Studio Version 17
VisualStudioVersion = 17.4.33103.184
MinimumVisualStudioVersion = 10.0.40219.1
Project("{FAE04EC0-301F-11D3-BF4B-00C04F79EFBC}") = "exam", "exam\exam.csproj", "{8A3B5214-112A-4A67-A4A4-7A40DCD5A900}"
EndProject
Global
	GlobalSection(SolutionConfigurationPlatforms) = preSolution
		Debug|Any CPU = Debug|Any CPU
		Release|Any CPU = Release|Any CPU
	EndGlobalSection
	GlobalSection(ProjectConfigurationPlatforms) = postSolution
		{8A3B5214-112A-4A67-A4A4-7A40DCD5A900}.Debug|Any CPU.ActiveCfg = Debug|Any CPU
		{8A3B5214-112A-4A67-A4A4-7A40DCD5A900}.Debug|Any CPU.Build.0 = Debug|Any CPU
		{8A3B5214-112A-4A67-A4A4-7A40DCD5A900}.Release|Any CPU.ActiveCfg = Release|Any CPU
		{8A3B5214-112A-4A67-A4A4-7A40DCD5A900}.Release|Any CPU.Build.0 = Release|Any CPU
	EndGlobalSection
	GlobalSection(SolutionProperties) = preSolution
		HideSolutionNode = FALSE
	EndGlobalSection
	GlobalSection(ExtensibilityGlobals) = postSolution
		SolutionGuid = {C299D745-C910-465F-AA51-492ABD08024C}
	EndGlobalSection
EndGlobal
