
Microsoft Visual Studio Solution File, Format Version 12.00
# Visual Studio Version 17
VisualStudioVersion = 17.4.33103.184
MinimumVisualStudioVersion = 10.0.40219.1
Project("{FAE04EC0-301F-11D3-BF4B-00C04F79EFBC}") = "BookMyTicket", "BookMyTicket\BookMyTicket.csproj", "{7BB0EF41-B5E3-45A6-8146-17DE99864AC5}"
EndProject
Global
	GlobalSection(SolutionConfigurationPlatforms) = preSolution
		Debug|Any CPU = Debug|Any CPU
		Release|Any CPU = Release|Any CPU
	EndGlobalSection
	GlobalSection(ProjectConfigurationPlatforms) = postSolution
		{7BB0EF41-B5E3-45A6-8146-17DE99864AC5}.Debug|Any CPU.ActiveCfg = Debug|Any CPU
		{7BB0EF41-B5E3-45A6-8146-17DE99864AC5}.Debug|Any CPU.Build.0 = Debug|Any CPU
		{7BB0EF41-B5E3-45A6-8146-17DE99864AC5}.Release|Any CPU.ActiveCfg = Release|Any CPU
		{7BB0EF41-B5E3-45A6-8146-17DE99864AC5}.Release|Any CPU.Build.0 = Release|Any CPU
	EndGlobalSection
	GlobalSection(SolutionProperties) = preSolution
		HideSolutionNode = FALSE
	EndGlobalSection
	GlobalSection(ExtensibilityGlobals) = postSolution
		SolutionGuid = {C1F0A41E-C446-4069-BC34-125A4F590117}
	EndGlobalSection
EndGlobal
