
Microsoft Visual Studio Solution File, Format Version 12.00
# Visual Studio Version 17
VisualStudioVersion = 17.4.33103.184
MinimumVisualStudioVersion = 10.0.40219.1
Project("{FAE04EC0-301F-11D3-BF4B-00C04F79EFBC}") = "LinQ1", "LinQ1\LinQ1.csproj", "{C8F722F2-FE8C-4F7E-A283-8A0A1E869C93}"
EndProject
Global
	GlobalSection(SolutionConfigurationPlatforms) = preSolution
		Debug|Any CPU = Debug|Any CPU
		Release|Any CPU = Release|Any CPU
	EndGlobalSection
	GlobalSection(ProjectConfigurationPlatforms) = postSolution
		{C8F722F2-FE8C-4F7E-A283-8A0A1E869C93}.Debug|Any CPU.ActiveCfg = Debug|Any CPU
		{C8F722F2-FE8C-4F7E-A283-8A0A1E869C93}.Debug|Any CPU.Build.0 = Debug|Any CPU
		{C8F722F2-FE8C-4F7E-A283-8A0A1E869C93}.Release|Any CPU.ActiveCfg = Release|Any CPU
		{C8F722F2-FE8C-4F7E-A283-8A0A1E869C93}.Release|Any CPU.Build.0 = Release|Any CPU
	EndGlobalSection
	GlobalSection(SolutionProperties) = preSolution
		HideSolutionNode = FALSE
	EndGlobalSection
	GlobalSection(ExtensibilityGlobals) = postSolution
		SolutionGuid = {5AB34DBF-D562-4EC4-B824-9E21427084E3}
	EndGlobalSection
EndGlobal
