
Microsoft Visual Studio Solution File, Format Version 12.00
# Visual Studio Version 17
VisualStudioVersion = 17.4.33103.184
MinimumVisualStudioVersion = 10.0.40219.1
Project("{9A19103F-16F7-4668-BE54-9A1E7A4F7556}") = "UserServices", "UserServices\UserServices.csproj", "{68CAB791-75D5-4E38-8A32-04CA5273826B}"
EndProject
Project("{9A19103F-16F7-4668-BE54-9A1E7A4F7556}") = "Gateway", "Gateway\Gateway.csproj", "{48810832-41B3-4726-9A27-59AFB0C52817}"
EndProject
Project("{FAE04EC0-301F-11D3-BF4B-00C04F79EFBC}") = "Seller", "Seller\Seller.csproj", "{A86AEF70-5932-43AC-810E-A1D87A7BBAC0}"
EndProject
Project("{FAE04EC0-301F-11D3-BF4B-00C04F79EFBC}") = "Items", "Items\Items.csproj", "{35E53885-32DA-4675-A3EC-35D7B870DEB0}"
EndProject
Project("{FAE04EC0-301F-11D3-BF4B-00C04F79EFBC}") = "Cart", "Cart\Cart.csproj", "{9092BBF1-1992-4AA5-A3B1-6E3E1B5EA64C}"
EndProject
Global
	GlobalSection(SolutionConfigurationPlatforms) = preSolution
		Debug|Any CPU = Debug|Any CPU
		Release|Any CPU = Release|Any CPU
	EndGlobalSection
	GlobalSection(ProjectConfigurationPlatforms) = postSolution
		{68CAB791-75D5-4E38-8A32-04CA5273826B}.Debug|Any CPU.ActiveCfg = Debug|Any CPU
		{68CAB791-75D5-4E38-8A32-04CA5273826B}.Debug|Any CPU.Build.0 = Debug|Any CPU
		{68CAB791-75D5-4E38-8A32-04CA5273826B}.Release|Any CPU.ActiveCfg = Release|Any CPU
		{68CAB791-75D5-4E38-8A32-04CA5273826B}.Release|Any CPU.Build.0 = Release|Any CPU
		{48810832-41B3-4726-9A27-59AFB0C52817}.Debug|Any CPU.ActiveCfg = Debug|Any CPU
		{48810832-41B3-4726-9A27-59AFB0C52817}.Debug|Any CPU.Build.0 = Debug|Any CPU
		{48810832-41B3-4726-9A27-59AFB0C52817}.Release|Any CPU.ActiveCfg = Release|Any CPU
		{48810832-41B3-4726-9A27-59AFB0C52817}.Release|Any CPU.Build.0 = Release|Any CPU
		{A86AEF70-5932-43AC-810E-A1D87A7BBAC0}.Debug|Any CPU.ActiveCfg = Debug|Any CPU
		{A86AEF70-5932-43AC-810E-A1D87A7BBAC0}.Debug|Any CPU.Build.0 = Debug|Any CPU
		{A86AEF70-5932-43AC-810E-A1D87A7BBAC0}.Release|Any CPU.ActiveCfg = Release|Any CPU
		{A86AEF70-5932-43AC-810E-A1D87A7BBAC0}.Release|Any CPU.Build.0 = Release|Any CPU
		{35E53885-32DA-4675-A3EC-35D7B870DEB0}.Debug|Any CPU.ActiveCfg = Debug|Any CPU
		{35E53885-32DA-4675-A3EC-35D7B870DEB0}.Debug|Any CPU.Build.0 = Debug|Any CPU
		{35E53885-32DA-4675-A3EC-35D7B870DEB0}.Release|Any CPU.ActiveCfg = Release|Any CPU
		{35E53885-32DA-4675-A3EC-35D7B870DEB0}.Release|Any CPU.Build.0 = Release|Any CPU
		{9092BBF1-1992-4AA5-A3B1-6E3E1B5EA64C}.Debug|Any CPU.ActiveCfg = Debug|Any CPU
		{9092BBF1-1992-4AA5-A3B1-6E3E1B5EA64C}.Debug|Any CPU.Build.0 = Debug|Any CPU
		{9092BBF1-1992-4AA5-A3B1-6E3E1B5EA64C}.Release|Any CPU.ActiveCfg = Release|Any CPU
		{9092BBF1-1992-4AA5-A3B1-6E3E1B5EA64C}.Release|Any CPU.Build.0 = Release|Any CPU
	EndGlobalSection
	GlobalSection(SolutionProperties) = preSolution
		HideSolutionNode = FALSE
	EndGlobalSection
	GlobalSection(ExtensibilityGlobals) = postSolution
		SolutionGuid = {7632FB9C-C96D-40D8-A1CA-3211A41EFEF1}
	EndGlobalSection
EndGlobal
